// !$*UTF8*$!
{
	archiveVersion = 1;
	classes = {
	};
	objectVersion = 46;
	objects = {

/* Begin PBXBuildFile section */
		4C12CA1015FA4A240052E491 /* StatusListCellView.xib in Resources */ = {isa = PBXBuildFile; fileRef = 4C12CA0F15FA4A240052E491 /* StatusListCellView.xib */; };
		4C12CA1415FA4AC60052E491 /* StatusListCellView.m in Sources */ = {isa = PBXBuildFile; fileRef = 4C12CA1315FA4AC50052E491 /* StatusListCellView.m */; };
		4C12CA2115FA4B8F0052E491 /* PXListView+UserInteraction.m in Sources */ = {isa = PBXBuildFile; fileRef = 4C12CA1715FA4B8E0052E491 /* PXListView+UserInteraction.m */; settings = {COMPILER_FLAGS = "-fno-objc-arc"; }; };
		4C12CA2215FA4B8F0052E491 /* PXListViewCell.m in Sources */ = {isa = PBXBuildFile; fileRef = 4C12CA1915FA4B8F0052E491 /* PXListViewCell.m */; settings = {COMPILER_FLAGS = "-fno-objc-arc"; }; };
		4C12CA2315FA4B8F0052E491 /* PXListView.m in Sources */ = {isa = PBXBuildFile; fileRef = 4C12CA1D15FA4B8F0052E491 /* PXListView.m */; settings = {COMPILER_FLAGS = "-fno-objc-arc"; }; };
		4C12CA2415FA4B8F0052E491 /* PXListDocumentView.m in Sources */ = {isa = PBXBuildFile; fileRef = 4C12CA2015FA4B8F0052E491 /* PXListDocumentView.m */; settings = {COMPILER_FLAGS = "-fno-objc-arc"; }; };
		4C13ECC615DE8ADA00996029 /* INAppStoreWindow.m in Sources */ = {isa = PBXBuildFile; fileRef = 4C13ECC515DE8ADA00996029 /* INAppStoreWindow.m */; };
		4C147A2815F78CED00C87523 /* NS(Attributed)String+Geometrics.m in Sources */ = {isa = PBXBuildFile; fileRef = 4C147A2715F78CED00C87523 /* NS(Attributed)String+Geometrics.m */; settings = {COMPILER_FLAGS = "-fno-objc-arc"; }; };
		4C147A3415F7A59C00C87523 /* Status.m in Sources */ = {isa = PBXBuildFile; fileRef = 4C147A3315F7A59C00C87523 /* Status.m */; };
		4C15276215D604C3000F9E93 /* Security.framework in Frameworks */ = {isa = PBXBuildFile; fileRef = 4C15276115D604C3000F9E93 /* Security.framework */; };
		4C15276815D619CD000F9E93 /* WBEngine.m in Sources */ = {isa = PBXBuildFile; fileRef = 4C15276715D619CD000F9E93 /* WBEngine.m */; };
		4C15276C15D67A1F000F9E93 /* MainWindowController.m in Sources */ = {isa = PBXBuildFile; fileRef = 4C15276A15D67A1F000F9E93 /* MainWindowController.m */; };
		4C15276D15D67A1F000F9E93 /* MainWindowController.xib in Resources */ = {isa = PBXBuildFile; fileRef = 4C15276B15D67A1F000F9E93 /* MainWindowController.xib */; };
		4C15277A15D69601000F9E93 /* SSKeychain.m in Sources */ = {isa = PBXBuildFile; fileRef = 4C15277915D69601000F9E93 /* SSKeychain.m */; };
		4C17296A15EE745100E4B805 /* User+ProfileImage.m in Sources */ = {isa = PBXBuildFile; fileRef = 4C17296915EE745100E4B805 /* User+ProfileImage.m */; };
		4C1782F915E883660034EBFF /* WeiboMessages.xcdatamodeld in Sources */ = {isa = PBXBuildFile; fileRef = 4C1782F715E883660034EBFF /* WeiboMessages.xcdatamodeld */; };
		4C1AB28A15F1F287008AE9C7 /* TimelineController.m in Sources */ = {isa = PBXBuildFile; fileRef = 4C1AB28915F1F287008AE9C7 /* TimelineController.m */; };
		4C1BF99D15F634CD0066590E /* AttributedStringCodeHelper.m in Sources */ = {isa = PBXBuildFile; fileRef = 4C1BF99C15F634CD0066590E /* AttributedStringCodeHelper.m */; settings = {COMPILER_FLAGS = "-fno-objc-arc"; }; };
		4C1BF9A115F635A70066590E /* FontUtility.m in Sources */ = {isa = PBXBuildFile; fileRef = 4C1BF9A015F635A70066590E /* FontUtility.m */; };
		4C1BF9A415F636930066590E /* NSAttributedStringToNSDataValueTransformer.m in Sources */ = {isa = PBXBuildFile; fileRef = 4C1BF9A315F636930066590E /* NSAttributedStringToNSDataValueTransformer.m */; };
		4C2CBEDD15E689ED0062B910 /* CoreData.framework in Frameworks */ = {isa = PBXBuildFile; fileRef = 4C8FAB3015D24AF7004EBBC5 /* CoreData.framework */; };
		4C408A3A15F179FF007CF089 /* HomeTimelineController.m in Sources */ = {isa = PBXBuildFile; fileRef = 4C408A3915F179FF007CF089 /* HomeTimelineController.m */; };
		4C5182F815ED0C510075ECE5 /* WBFormatter.m in Sources */ = {isa = PBXBuildFile; fileRef = 4C5182F715ED0C510075ECE5 /* WBFormatter.m */; };
		4C5182FE15ED226A0075ECE5 /* User+CoreData.m in Sources */ = {isa = PBXBuildFile; fileRef = 4C5182FD15ED226A0075ECE5 /* User+CoreData.m */; };
		4C5315E615E3D33B0004238A /* WBMessageScrollView.m in Sources */ = {isa = PBXBuildFile; fileRef = 4C5315E515E3D33B0004238A /* WBMessageScrollView.m */; };
		4C5315EA15E3E3620004238A /* WBMessageTextView.m in Sources */ = {isa = PBXBuildFile; fileRef = 4C5315E915E3E3620004238A /* WBMessageTextView.m */; };
		4C5F9ABB15DBF93000B804F1 /* drink_twitter.icns in Resources */ = {isa = PBXBuildFile; fileRef = 4C5F9ABA15DBF93000B804F1 /* drink_twitter.icns */; };
		4C6878FD15E0B28F000F0482 /* ImageDownloader.m in Sources */ = {isa = PBXBuildFile; fileRef = 4C6878FC15E0B28F000F0482 /* ImageDownloader.m */; };
		4C68790115E0B864000F0482 /* WBUser+ProfileImage.m in Sources */ = {isa = PBXBuildFile; fileRef = 4C68790015E0B864000F0482 /* WBUser+ProfileImage.m */; };
		4C6CB7CC15DF67A2009557AB /* WBUser.m in Sources */ = {isa = PBXBuildFile; fileRef = 4C6CB7CB15DF67A2009557AB /* WBUser.m */; };
		4C8FAB2D15D24AF7004EBBC5 /* Cocoa.framework in Frameworks */ = {isa = PBXBuildFile; fileRef = 4C8FAB2C15D24AF7004EBBC5 /* Cocoa.framework */; };
		4C8FAB3715D24AF7004EBBC5 /* InfoPlist.strings in Resources */ = {isa = PBXBuildFile; fileRef = 4C8FAB3515D24AF7004EBBC5 /* InfoPlist.strings */; };
		4C8FAB3915D24AF7004EBBC5 /* main.m in Sources */ = {isa = PBXBuildFile; fileRef = 4C8FAB3815D24AF7004EBBC5 /* main.m */; };
		4C8FAB3D15D24AF7004EBBC5 /* Credits.rtf in Resources */ = {isa = PBXBuildFile; fileRef = 4C8FAB3B15D24AF7004EBBC5 /* Credits.rtf */; };
		4C8FAB4015D24AF7004EBBC5 /* AppDelegate.m in Sources */ = {isa = PBXBuildFile; fileRef = 4C8FAB3F15D24AF7004EBBC5 /* AppDelegate.m */; };
		4C8FAB4B15D24AF7004EBBC5 /* SenTestingKit.framework in Frameworks */ = {isa = PBXBuildFile; fileRef = 4C8FAB4A15D24AF7004EBBC5 /* SenTestingKit.framework */; };
		4C8FAB4C15D24AF7004EBBC5 /* Cocoa.framework in Frameworks */ = {isa = PBXBuildFile; fileRef = 4C8FAB2C15D24AF7004EBBC5 /* Cocoa.framework */; };
		4C8FAB5415D24AF7004EBBC5 /* InfoPlist.strings in Resources */ = {isa = PBXBuildFile; fileRef = 4C8FAB5215D24AF7004EBBC5 /* InfoPlist.strings */; };
		4C8FAB5715D24AF7004EBBC5 /* weiboTests.m in Sources */ = {isa = PBXBuildFile; fileRef = 4C8FAB5615D24AF7004EBBC5 /* weiboTests.m */; };
		4C8FABC015D25005004EBBC5 /* OAuthWindow.xib in Resources */ = {isa = PBXBuildFile; fileRef = 4C8FABBF15D25005004EBBC5 /* OAuthWindow.xib */; };
		4C8FABC315D25068004EBBC5 /* OAuthWindowController.m in Sources */ = {isa = PBXBuildFile; fileRef = 4C8FABC215D25068004EBBC5 /* OAuthWindowController.m */; };
		4C8FABC515D2520F004EBBC5 /* MainMenu.xib in Resources */ = {isa = PBXBuildFile; fileRef = 4C8FABC415D2520F004EBBC5 /* MainMenu.xib */; };
		4CA2CC6215EBCFCC00415031 /* WBManagedObjectContext.m in Sources */ = {isa = PBXBuildFile; fileRef = 4CA2CC6115EBCFCC00415031 /* WBManagedObjectContext.m */; };
		4CB9277415F3880800DE4678 /* TimelineCellView.m in Sources */ = {isa = PBXBuildFile; fileRef = 4CB9277315F3880800DE4678 /* TimelineCellView.m */; };
		4CBB148615E11EF400E7F9C8 /* NSRoundedImageView.m in Sources */ = {isa = PBXBuildFile; fileRef = 4CBB148515E11EF400E7F9C8 /* NSRoundedImageView.m */; };
		4CCB88B315D3EA6F00231E13 /* GTMBase64.m in Sources */ = {isa = PBXBuildFile; fileRef = 4CCB88B115D3EA6F00231E13 /* GTMBase64.m */; settings = {COMPILER_FLAGS = "-fno-objc-arc"; }; };
		4CCB88B615D3EA9D00231E13 /* WBUtil.m in Sources */ = {isa = PBXBuildFile; fileRef = 4CCB88B515D3EA9D00231E13 /* WBUtil.m */; settings = {COMPILER_FLAGS = "-fno-objc-arc"; }; };
		4CCB88BC15D3EDEF00231E13 /* WebKit.framework in Frameworks */ = {isa = PBXBuildFile; fileRef = 4CCB88BB15D3EDEF00231E13 /* WebKit.framework */; };
		4CCB88D115D5287100231E13 /* NSObject+SBJSON.m in Sources */ = {isa = PBXBuildFile; fileRef = 4CCB88C615D5287100231E13 /* NSObject+SBJSON.m */; settings = {COMPILER_FLAGS = "-fno-objc-arc"; }; };
		4CCB88D215D5287100231E13 /* NSString+SBJSON.m in Sources */ = {isa = PBXBuildFile; fileRef = 4CCB88C815D5287100231E13 /* NSString+SBJSON.m */; settings = {COMPILER_FLAGS = "-fno-objc-arc"; }; };
		4CCB88D315D5287100231E13 /* SBJSON.m in Sources */ = {isa = PBXBuildFile; fileRef = 4CCB88CA15D5287100231E13 /* SBJSON.m */; settings = {COMPILER_FLAGS = "-fno-objc-arc"; }; };
		4CCB88D415D5287100231E13 /* SBJsonBase.m in Sources */ = {isa = PBXBuildFile; fileRef = 4CCB88CC15D5287100231E13 /* SBJsonBase.m */; settings = {COMPILER_FLAGS = "-fno-objc-arc"; }; };
		4CCB88D515D5287100231E13 /* SBJsonParser.m in Sources */ = {isa = PBXBuildFile; fileRef = 4CCB88CE15D5287100231E13 /* SBJsonParser.m */; settings = {COMPILER_FLAGS = "-fno-objc-arc"; }; };
		4CCB88D615D5287100231E13 /* SBJsonWriter.m in Sources */ = {isa = PBXBuildFile; fileRef = 4CCB88D015D5287100231E13 /* SBJsonWriter.m */; settings = {COMPILER_FLAGS = "-fno-objc-arc"; }; };
		4CCB88DC15D5289500231E13 /* WBAuthorize.m in Sources */ = {isa = PBXBuildFile; fileRef = 4CCB88D815D5289400231E13 /* WBAuthorize.m */; };
		4CCB88DD15D5289500231E13 /* WBRequest.m in Sources */ = {isa = PBXBuildFile; fileRef = 4CCB88DA15D5289400231E13 /* WBRequest.m */; settings = {COMPILER_FLAGS = "-fno-objc-arc"; }; };
		4CF33BA215EFBC3100DBE88B /* Mention.m in Sources */ = {isa = PBXBuildFile; fileRef = 4CF33BA115EFBC3000DBE88B /* Mention.m */; };
		6517CBEA15DCDE3D007BAB00 /* EQSTRClipView.m in Sources */ = {isa = PBXBuildFile; fileRef = 6517CBE715DCDE3D007BAB00 /* EQSTRClipView.m */; settings = {COMPILER_FLAGS = "-fno-objc-arc"; }; };
		6517CBEB15DCDE3D007BAB00 /* EQSTRScrollView.m in Sources */ = {isa = PBXBuildFile; fileRef = 6517CBE915DCDE3D007BAB00 /* EQSTRScrollView.m */; settings = {COMPILER_FLAGS = "-fno-objc-arc"; }; };
		6517CBEF15DCDED2007BAB00 /* QuartzCore.framework in Frameworks */ = {isa = PBXBuildFile; fileRef = 6517CBEE15DCDED2007BAB00 /* QuartzCore.framework */; };
		6580BB3715F4B5A70089BDA3 /* home_w.png in Resources */ = {isa = PBXBuildFile; fileRef = 6580BB3615F4B5A70089BDA3 /* home_w.png */; };
		6580BB3A15F4B6BA0089BDA3 /* home.png in Resources */ = {isa = PBXBuildFile; fileRef = 6580BB3915F4B6BA0089BDA3 /* home.png */; };
		65A425BF15DB908C00861D3B /* WBMessageTableCellView.m in Sources */ = {isa = PBXBuildFile; fileRef = 65A425BE15DB908C00861D3B /* WBMessageTableCellView.m */; };
		65A5304E15EF3FFD004D6FDE /* User.m in Sources */ = {isa = PBXBuildFile; fileRef = 65A5304D15EF3FFD004D6FDE /* User.m */; };
		65A5305115EF4059004D6FDE /* Status+CoreData.m in Sources */ = {isa = PBXBuildFile; fileRef = 65A5304F15EF4059004D6FDE /* Status+CoreData.m */; };
		65A5306815F064E80019F71B /* Mention+CoreData.m in Sources */ = {isa = PBXBuildFile; fileRef = 65A5306715F064E80019F71B /* Mention+CoreData.m */; };
		65A7D86415F898AA00322E57 /* ComposeMessageWindowController.m in Sources */ = {isa = PBXBuildFile; fileRef = 65A7D86215F898AA00322E57 /* ComposeMessageWindowController.m */; };
		65A7D86515F898AA00322E57 /* ComposeMessageWindowController.xib in Resources */ = {isa = PBXBuildFile; fileRef = 65A7D86315F898AA00322E57 /* ComposeMessageWindowController.xib */; };
		65A816BD15F4713400231A89 /* ANSegmentedCell.m in Sources */ = {isa = PBXBuildFile; fileRef = 65A816B615F4713400231A89 /* ANSegmentedCell.m */; settings = {COMPILER_FLAGS = "-fno-objc-arc"; }; };
		65A816BE15F4713400231A89 /* ANSegmentedControl.m in Sources */ = {isa = PBXBuildFile; fileRef = 65A816B815F4713400231A89 /* ANSegmentedControl.m */; settings = {COMPILER_FLAGS = "-fno-objc-arc"; }; };
		65A816BF15F4713400231A89 /* NSBezierPath+MCAdditions.m in Sources */ = {isa = PBXBuildFile; fileRef = 65A816BA15F4713400231A89 /* NSBezierPath+MCAdditions.m */; settings = {COMPILER_FLAGS = "-fno-objc-arc"; }; };
		65A816C015F4713400231A89 /* NSShadow+MCAdditions.m in Sources */ = {isa = PBXBuildFile; fileRef = 65A816BC15F4713400231A89 /* NSShadow+MCAdditions.m */; settings = {COMPILER_FLAGS = "-fno-objc-arc"; }; };
		65A816C515F4714F00231A89 /* FilterNone.png in Resources */ = {isa = PBXBuildFile; fileRef = 65A816C215F4714F00231A89 /* FilterNone.png */; };
		65A816C615F4714F00231A89 /* FilterStarred.png in Resources */ = {isa = PBXBuildFile; fileRef = 65A816C315F4714F00231A89 /* FilterStarred.png */; };
		65A816C715F4714F00231A89 /* FilterUnread.png in Resources */ = {isa = PBXBuildFile; fileRef = 65A816C415F4714F00231A89 /* FilterUnread.png */; };
		65A816CB15F4768300231A89 /* new.png in Resources */ = {isa = PBXBuildFile; fileRef = 65A816C815F4768300231A89 /* new.png */; };
		65A816CC15F4768300231A89 /* at.png in Resources */ = {isa = PBXBuildFile; fileRef = 65A816C915F4768300231A89 /* at.png */; };
		65A816CD15F4768300231A89 /* home3.png in Resources */ = {isa = PBXBuildFile; fileRef = 65A816CA15F4768300231A89 /* home3.png */; };
		65A816CF15F4771B00231A89 /* home_b.png in Resources */ = {isa = PBXBuildFile; fileRef = 65A816CE15F4771B00231A89 /* home_b.png */; };
		65A816D115F477E400231A89 /* 64_home.png in Resources */ = {isa = PBXBuildFile; fileRef = 65A816D015F477E400231A89 /* 64_home.png */; };
		65A816D715F47FC000231A89 /* 64_form.png in Resources */ = {isa = PBXBuildFile; fileRef = 65A816D215F47FC000231A89 /* 64_form.png */; };
		65A816D815F47FC000231A89 /* 64_email.png in Resources */ = {isa = PBXBuildFile; fileRef = 65A816D315F47FC000231A89 /* 64_email.png */; };
		65A816D915F47FC000231A89 /* 64_rss.png in Resources */ = {isa = PBXBuildFile; fileRef = 65A816D415F47FC000231A89 /* 64_rss.png */; };
		65A816DA15F47FC000231A89 /* 64_users.png in Resources */ = {isa = PBXBuildFile; fileRef = 65A816D515F47FC000231A89 /* 64_users.png */; };
		65A816DB15F47FC000231A89 /* 64_comments.png in Resources */ = {isa = PBXBuildFile; fileRef = 65A816D615F47FC000231A89 /* 64_comments.png */; };
		65A816DD15F4803000231A89 /* 64_text.png in Resources */ = {isa = PBXBuildFile; fileRef = 65A816DC15F4803000231A89 /* 64_text.png */; };
		65A816DF15F4A31300231A89 /* home1.png in Resources */ = {isa = PBXBuildFile; fileRef = 65A816DE15F4A31300231A89 /* home1.png */; };
		65A816E215F4A60400231A89 /* TitleBarView.m in Sources */ = {isa = PBXBuildFile; fileRef = 65A816E115F4A60400231A89 /* TitleBarView.m */; };
		65C45D9515F0A68A00BB7557 /* MentionTimelineController.m in Sources */ = {isa = PBXBuildFile; fileRef = 65C45D9415F0A68A00BB7557 /* MentionTimelineController.m */; };
		65C45D9915F0AB8200BB7557 /* MentionTableCellView.m in Sources */ = {isa = PBXBuildFile; fileRef = 65C45D9815F0AB8200BB7557 /* MentionTableCellView.m */; };
/* End PBXBuildFile section */

/* Begin PBXContainerItemProxy section */
		4C8FAB4D15D24AF7004EBBC5 /* PBXContainerItemProxy */ = {
			isa = PBXContainerItemProxy;
			containerPortal = 4C8FAB1F15D24AF7004EBBC5 /* Project object */;
			proxyType = 1;
			remoteGlobalIDString = 4C8FAB2715D24AF7004EBBC5;
			remoteInfo = weibo;
		};
/* End PBXContainerItemProxy section */

/* Begin PBXFileReference section */
		4C12CA0F15FA4A240052E491 /* StatusListCellView.xib */ = {isa = PBXFileReference; fileEncoding = 4; lastKnownFileType = file.xib; path = StatusListCellView.xib; sourceTree = "<group>"; };
		4C12CA1215FA4AC50052E491 /* StatusListCellView.h */ = {isa = PBXFileReference; fileEncoding = 4; lastKnownFileType = sourcecode.c.h; path = StatusListCellView.h; sourceTree = "<group>"; };
		4C12CA1315FA4AC50052E491 /* StatusListCellView.m */ = {isa = PBXFileReference; fileEncoding = 4; lastKnownFileType = sourcecode.c.objc; path = StatusListCellView.m; sourceTree = "<group>"; };
		4C12CA1515FA4B8E0052E491 /* PXListView+Private.h */ = {isa = PBXFileReference; fileEncoding = 4; lastKnownFileType = sourcecode.c.h; path = "PXListView+Private.h"; sourceTree = "<group>"; };
		4C12CA1615FA4B8E0052E491 /* PXListView+UserInteraction.h */ = {isa = PBXFileReference; fileEncoding = 4; lastKnownFileType = sourcecode.c.h; path = "PXListView+UserInteraction.h"; sourceTree = "<group>"; };
		4C12CA1715FA4B8E0052E491 /* PXListView+UserInteraction.m */ = {isa = PBXFileReference; fileEncoding = 4; lastKnownFileType = sourcecode.c.objc; path = "PXListView+UserInteraction.m"; sourceTree = "<group>"; };
		4C12CA1815FA4B8E0052E491 /* PXListViewCell.h */ = {isa = PBXFileReference; fileEncoding = 4; lastKnownFileType = sourcecode.c.h; path = PXListViewCell.h; sourceTree = "<group>"; };
		4C12CA1915FA4B8F0052E491 /* PXListViewCell.m */ = {isa = PBXFileReference; fileEncoding = 4; lastKnownFileType = sourcecode.c.objc; path = PXListViewCell.m; sourceTree = "<group>"; };
		4C12CA1A15FA4B8F0052E491 /* PXListViewCell+Private.h */ = {isa = PBXFileReference; fileEncoding = 4; lastKnownFileType = sourcecode.c.h; path = "PXListViewCell+Private.h"; sourceTree = "<group>"; };
		4C12CA1B15FA4B8F0052E491 /* PXListViewDelegate.h */ = {isa = PBXFileReference; fileEncoding = 4; lastKnownFileType = sourcecode.c.h; path = PXListViewDelegate.h; sourceTree = "<group>"; };
		4C12CA1C15FA4B8F0052E491 /* PXListViewDropHighlight.h */ = {isa = PBXFileReference; fileEncoding = 4; lastKnownFileType = sourcecode.c.h; path = PXListViewDropHighlight.h; sourceTree = "<group>"; };
		4C12CA1D15FA4B8F0052E491 /* PXListView.m */ = {isa = PBXFileReference; fileEncoding = 4; lastKnownFileType = sourcecode.c.objc; path = PXListView.m; sourceTree = "<group>"; };
		4C12CA1E15FA4B8F0052E491 /* PXListView.h */ = {isa = PBXFileReference; fileEncoding = 4; lastKnownFileType = sourcecode.c.h; path = PXListView.h; sourceTree = "<group>"; };
		4C12CA1F15FA4B8F0052E491 /* PXListDocumentView.h */ = {isa = PBXFileReference; fileEncoding = 4; lastKnownFileType = sourcecode.c.h; path = PXListDocumentView.h; sourceTree = "<group>"; };
		4C12CA2015FA4B8F0052E491 /* PXListDocumentView.m */ = {isa = PBXFileReference; fileEncoding = 4; lastKnownFileType = sourcecode.c.objc; path = PXListDocumentView.m; sourceTree = "<group>"; };
		4C13ECC415DE8ADA00996029 /* INAppStoreWindow.h */ = {isa = PBXFileReference; fileEncoding = 4; lastKnownFileType = sourcecode.c.h; path = INAppStoreWindow.h; sourceTree = "<group>"; };
		4C13ECC515DE8ADA00996029 /* INAppStoreWindow.m */ = {isa = PBXFileReference; fileEncoding = 4; lastKnownFileType = sourcecode.c.objc; path = INAppStoreWindow.m; sourceTree = "<group>"; };
		4C147A2615F78CED00C87523 /* NS(Attributed)String+Geometrics.h */ = {isa = PBXFileReference; fileEncoding = 4; lastKnownFileType = sourcecode.c.h; path = "NS(Attributed)String+Geometrics.h"; sourceTree = "<group>"; };
		4C147A2715F78CED00C87523 /* NS(Attributed)String+Geometrics.m */ = {isa = PBXFileReference; fileEncoding = 4; lastKnownFileType = sourcecode.c.objc; path = "NS(Attributed)String+Geometrics.m"; sourceTree = "<group>"; };
		4C147A3215F7A59C00C87523 /* Status.h */ = {isa = PBXFileReference; fileEncoding = 4; lastKnownFileType = sourcecode.c.h; path = Status.h; sourceTree = "<group>"; };
		4C147A3315F7A59C00C87523 /* Status.m */ = {isa = PBXFileReference; fileEncoding = 4; lastKnownFileType = sourcecode.c.objc; path = Status.m; sourceTree = "<group>"; };
		4C15276115D604C3000F9E93 /* Security.framework */ = {isa = PBXFileReference; lastKnownFileType = wrapper.framework; name = Security.framework; path = System/Library/Frameworks/Security.framework; sourceTree = SDKROOT; };
		4C15276615D619CD000F9E93 /* WBEngine.h */ = {isa = PBXFileReference; fileEncoding = 4; lastKnownFileType = sourcecode.c.h; path = WBEngine.h; sourceTree = "<group>"; };
		4C15276715D619CD000F9E93 /* WBEngine.m */ = {isa = PBXFileReference; fileEncoding = 4; lastKnownFileType = sourcecode.c.objc; path = WBEngine.m; sourceTree = "<group>"; };
		4C15276915D67A1F000F9E93 /* MainWindowController.h */ = {isa = PBXFileReference; fileEncoding = 4; lastKnownFileType = sourcecode.c.h; path = MainWindowController.h; sourceTree = "<group>"; };
		4C15276A15D67A1F000F9E93 /* MainWindowController.m */ = {isa = PBXFileReference; fileEncoding = 4; lastKnownFileType = sourcecode.c.objc; path = MainWindowController.m; sourceTree = "<group>"; };
		4C15276B15D67A1F000F9E93 /* MainWindowController.xib */ = {isa = PBXFileReference; fileEncoding = 4; lastKnownFileType = file.xib; path = MainWindowController.xib; sourceTree = "<group>"; };
		4C15277815D69601000F9E93 /* SSKeychain.h */ = {isa = PBXFileReference; fileEncoding = 4; lastKnownFileType = sourcecode.c.h; path = SSKeychain.h; sourceTree = "<group>"; };
		4C15277915D69601000F9E93 /* SSKeychain.m */ = {isa = PBXFileReference; fileEncoding = 4; lastKnownFileType = sourcecode.c.objc; path = SSKeychain.m; sourceTree = "<group>"; };
		4C17296815EE745100E4B805 /* User+ProfileImage.h */ = {isa = PBXFileReference; fileEncoding = 4; lastKnownFileType = sourcecode.c.h; path = "User+ProfileImage.h"; sourceTree = "<group>"; };
		4C17296915EE745100E4B805 /* User+ProfileImage.m */ = {isa = PBXFileReference; fileEncoding = 4; lastKnownFileType = sourcecode.c.objc; path = "User+ProfileImage.m"; sourceTree = "<group>"; };
		4C1782F815E883660034EBFF /* WeiboMessages.xcdatamodel */ = {isa = PBXFileReference; lastKnownFileType = wrapper.xcdatamodel; path = WeiboMessages.xcdatamodel; sourceTree = "<group>"; };
		4C1AB28815F1F287008AE9C7 /* TimelineController.h */ = {isa = PBXFileReference; fileEncoding = 4; lastKnownFileType = sourcecode.c.h; path = TimelineController.h; sourceTree = "<group>"; };
		4C1AB28915F1F287008AE9C7 /* TimelineController.m */ = {isa = PBXFileReference; fileEncoding = 4; lastKnownFileType = sourcecode.c.objc; path = TimelineController.m; sourceTree = "<group>"; };
		4C1BF99B15F634CD0066590E /* AttributedStringCodeHelper.h */ = {isa = PBXFileReference; fileEncoding = 4; lastKnownFileType = sourcecode.c.h; path = AttributedStringCodeHelper.h; sourceTree = "<group>"; };
		4C1BF99C15F634CD0066590E /* AttributedStringCodeHelper.m */ = {isa = PBXFileReference; fileEncoding = 4; lastKnownFileType = sourcecode.c.objc; path = AttributedStringCodeHelper.m; sourceTree = "<group>"; };
		4C1BF99F15F635A70066590E /* FontUtility.h */ = {isa = PBXFileReference; fileEncoding = 4; lastKnownFileType = sourcecode.c.h; path = FontUtility.h; sourceTree = "<group>"; };
		4C1BF9A015F635A70066590E /* FontUtility.m */ = {isa = PBXFileReference; fileEncoding = 4; lastKnownFileType = sourcecode.c.objc; path = FontUtility.m; sourceTree = "<group>"; };
		4C1BF9A215F636930066590E /* NSAttributedStringToNSDataValueTransformer.h */ = {isa = PBXFileReference; fileEncoding = 4; lastKnownFileType = sourcecode.c.h; path = NSAttributedStringToNSDataValueTransformer.h; sourceTree = "<group>"; };
		4C1BF9A315F636930066590E /* NSAttributedStringToNSDataValueTransformer.m */ = {isa = PBXFileReference; fileEncoding = 4; lastKnownFileType = sourcecode.c.objc; path = NSAttributedStringToNSDataValueTransformer.m; sourceTree = "<group>"; };
		4C408A3815F179FF007CF089 /* HomeTimelineController.h */ = {isa = PBXFileReference; fileEncoding = 4; lastKnownFileType = sourcecode.c.h; path = HomeTimelineController.h; sourceTree = "<group>"; };
		4C408A3915F179FF007CF089 /* HomeTimelineController.m */ = {isa = PBXFileReference; fileEncoding = 4; lastKnownFileType = sourcecode.c.objc; path = HomeTimelineController.m; sourceTree = "<group>"; };
		4C5182F615ED0C510075ECE5 /* WBFormatter.h */ = {isa = PBXFileReference; fileEncoding = 4; lastKnownFileType = sourcecode.c.h; path = WBFormatter.h; sourceTree = "<group>"; };
		4C5182F715ED0C510075ECE5 /* WBFormatter.m */ = {isa = PBXFileReference; fileEncoding = 4; lastKnownFileType = sourcecode.c.objc; path = WBFormatter.m; sourceTree = "<group>"; };
		4C5182FC15ED226A0075ECE5 /* User+CoreData.h */ = {isa = PBXFileReference; fileEncoding = 4; lastKnownFileType = sourcecode.c.h; path = "User+CoreData.h"; sourceTree = "<group>"; };
		4C5182FD15ED226A0075ECE5 /* User+CoreData.m */ = {isa = PBXFileReference; fileEncoding = 4; lastKnownFileType = sourcecode.c.objc; path = "User+CoreData.m"; sourceTree = "<group>"; };
		4C5315E415E3D33B0004238A /* WBMessageScrollView.h */ = {isa = PBXFileReference; fileEncoding = 4; lastKnownFileType = sourcecode.c.h; path = WBMessageScrollView.h; sourceTree = "<group>"; };
		4C5315E515E3D33B0004238A /* WBMessageScrollView.m */ = {isa = PBXFileReference; fileEncoding = 4; lastKnownFileType = sourcecode.c.objc; path = WBMessageScrollView.m; sourceTree = "<group>"; };
		4C5315E815E3E3620004238A /* WBMessageTextView.h */ = {isa = PBXFileReference; fileEncoding = 4; lastKnownFileType = sourcecode.c.h; path = WBMessageTextView.h; sourceTree = "<group>"; };
		4C5315E915E3E3620004238A /* WBMessageTextView.m */ = {isa = PBXFileReference; fileEncoding = 4; lastKnownFileType = sourcecode.c.objc; path = WBMessageTextView.m; sourceTree = "<group>"; };
		4C5F9ABA15DBF93000B804F1 /* drink_twitter.icns */ = {isa = PBXFileReference; lastKnownFileType = image.icns; path = drink_twitter.icns; sourceTree = "<group>"; };
		4C6878FB15E0B28F000F0482 /* ImageDownloader.h */ = {isa = PBXFileReference; fileEncoding = 4; lastKnownFileType = sourcecode.c.h; path = ImageDownloader.h; sourceTree = "<group>"; };
		4C6878FC15E0B28F000F0482 /* ImageDownloader.m */ = {isa = PBXFileReference; fileEncoding = 4; lastKnownFileType = sourcecode.c.objc; path = ImageDownloader.m; sourceTree = "<group>"; };
		4C6878FF15E0B864000F0482 /* WBUser+ProfileImage.h */ = {isa = PBXFileReference; fileEncoding = 4; lastKnownFileType = sourcecode.c.h; path = "WBUser+ProfileImage.h"; sourceTree = "<group>"; };
		4C68790015E0B864000F0482 /* WBUser+ProfileImage.m */ = {isa = PBXFileReference; fileEncoding = 4; lastKnownFileType = sourcecode.c.objc; path = "WBUser+ProfileImage.m"; sourceTree = "<group>"; };
		4C6CB7CA15DF67A2009557AB /* WBUser.h */ = {isa = PBXFileReference; fileEncoding = 4; lastKnownFileType = sourcecode.c.h; path = WBUser.h; sourceTree = "<group>"; };
		4C6CB7CB15DF67A2009557AB /* WBUser.m */ = {isa = PBXFileReference; fileEncoding = 4; lastKnownFileType = sourcecode.c.objc; path = WBUser.m; sourceTree = "<group>"; };
		4C8FAB2815D24AF7004EBBC5 /* iwei4mac.app */ = {isa = PBXFileReference; explicitFileType = wrapper.application; includeInIndex = 0; path = iwei4mac.app; sourceTree = BUILT_PRODUCTS_DIR; };
		4C8FAB2C15D24AF7004EBBC5 /* Cocoa.framework */ = {isa = PBXFileReference; lastKnownFileType = wrapper.framework; name = Cocoa.framework; path = System/Library/Frameworks/Cocoa.framework; sourceTree = SDKROOT; };
		4C8FAB2F15D24AF7004EBBC5 /* AppKit.framework */ = {isa = PBXFileReference; lastKnownFileType = wrapper.framework; name = AppKit.framework; path = System/Library/Frameworks/AppKit.framework; sourceTree = SDKROOT; };
		4C8FAB3015D24AF7004EBBC5 /* CoreData.framework */ = {isa = PBXFileReference; lastKnownFileType = wrapper.framework; name = CoreData.framework; path = System/Library/Frameworks/CoreData.framework; sourceTree = SDKROOT; };
		4C8FAB3115D24AF7004EBBC5 /* Foundation.framework */ = {isa = PBXFileReference; lastKnownFileType = wrapper.framework; name = Foundation.framework; path = System/Library/Frameworks/Foundation.framework; sourceTree = SDKROOT; };
		4C8FAB3415D24AF7004EBBC5 /* weibo-Info.plist */ = {isa = PBXFileReference; lastKnownFileType = text.plist.xml; path = "weibo-Info.plist"; sourceTree = "<group>"; };
		4C8FAB3615D24AF7004EBBC5 /* en */ = {isa = PBXFileReference; lastKnownFileType = text.plist.strings; name = en; path = en.lproj/InfoPlist.strings; sourceTree = "<group>"; };
		4C8FAB3815D24AF7004EBBC5 /* main.m */ = {isa = PBXFileReference; lastKnownFileType = sourcecode.c.objc; path = main.m; sourceTree = "<group>"; };
		4C8FAB3A15D24AF7004EBBC5 /* weibo-Prefix.pch */ = {isa = PBXFileReference; lastKnownFileType = sourcecode.c.h; path = "weibo-Prefix.pch"; sourceTree = "<group>"; };
		4C8FAB3C15D24AF7004EBBC5 /* en */ = {isa = PBXFileReference; lastKnownFileType = text.rtf; name = en; path = en.lproj/Credits.rtf; sourceTree = "<group>"; };
		4C8FAB3E15D24AF7004EBBC5 /* AppDelegate.h */ = {isa = PBXFileReference; lastKnownFileType = sourcecode.c.h; path = AppDelegate.h; sourceTree = "<group>"; };
		4C8FAB3F15D24AF7004EBBC5 /* AppDelegate.m */ = {isa = PBXFileReference; lastKnownFileType = sourcecode.c.objc; path = AppDelegate.m; sourceTree = "<group>"; };
		4C8FAB4915D24AF7004EBBC5 /* weiboTests.octest */ = {isa = PBXFileReference; explicitFileType = wrapper.cfbundle; includeInIndex = 0; path = weiboTests.octest; sourceTree = BUILT_PRODUCTS_DIR; };
		4C8FAB4A15D24AF7004EBBC5 /* SenTestingKit.framework */ = {isa = PBXFileReference; lastKnownFileType = wrapper.framework; name = SenTestingKit.framework; path = Library/Frameworks/SenTestingKit.framework; sourceTree = DEVELOPER_DIR; };
		4C8FAB5115D24AF7004EBBC5 /* weiboTests-Info.plist */ = {isa = PBXFileReference; lastKnownFileType = text.plist.xml; path = "weiboTests-Info.plist"; sourceTree = "<group>"; };
		4C8FAB5315D24AF7004EBBC5 /* en */ = {isa = PBXFileReference; lastKnownFileType = text.plist.strings; name = en; path = en.lproj/InfoPlist.strings; sourceTree = "<group>"; };
		4C8FAB5515D24AF7004EBBC5 /* weiboTests.h */ = {isa = PBXFileReference; lastKnownFileType = sourcecode.c.h; path = weiboTests.h; sourceTree = "<group>"; };
		4C8FAB5615D24AF7004EBBC5 /* weiboTests.m */ = {isa = PBXFileReference; lastKnownFileType = sourcecode.c.objc; path = weiboTests.m; sourceTree = "<group>"; };
		4C8FABBF15D25005004EBBC5 /* OAuthWindow.xib */ = {isa = PBXFileReference; fileEncoding = 4; lastKnownFileType = file.xib; path = OAuthWindow.xib; sourceTree = "<group>"; };
		4C8FABC115D25067004EBBC5 /* OAuthWindowController.h */ = {isa = PBXFileReference; fileEncoding = 4; lastKnownFileType = sourcecode.c.h; path = OAuthWindowController.h; sourceTree = "<group>"; };
		4C8FABC215D25068004EBBC5 /* OAuthWindowController.m */ = {isa = PBXFileReference; fileEncoding = 4; lastKnownFileType = sourcecode.c.objc; path = OAuthWindowController.m; sourceTree = "<group>"; };
		4C8FABC415D2520F004EBBC5 /* MainMenu.xib */ = {isa = PBXFileReference; fileEncoding = 4; lastKnownFileType = file.xib; path = MainMenu.xib; sourceTree = "<group>"; };
		4CA2CC6015EBCFCC00415031 /* WBManagedObjectContext.h */ = {isa = PBXFileReference; fileEncoding = 4; lastKnownFileType = sourcecode.c.h; path = WBManagedObjectContext.h; sourceTree = "<group>"; };
		4CA2CC6115EBCFCC00415031 /* WBManagedObjectContext.m */ = {isa = PBXFileReference; fileEncoding = 4; lastKnownFileType = sourcecode.c.objc; path = WBManagedObjectContext.m; sourceTree = "<group>"; };
		4CB9277215F3880800DE4678 /* TimelineCellView.h */ = {isa = PBXFileReference; fileEncoding = 4; lastKnownFileType = sourcecode.c.h; path = TimelineCellView.h; sourceTree = "<group>"; };
		4CB9277315F3880800DE4678 /* TimelineCellView.m */ = {isa = PBXFileReference; fileEncoding = 4; lastKnownFileType = sourcecode.c.objc; path = TimelineCellView.m; sourceTree = "<group>"; };
		4CBB148415E11EF400E7F9C8 /* NSRoundedImageView.h */ = {isa = PBXFileReference; fileEncoding = 4; lastKnownFileType = sourcecode.c.h; path = NSRoundedImageView.h; sourceTree = "<group>"; };
		4CBB148515E11EF400E7F9C8 /* NSRoundedImageView.m */ = {isa = PBXFileReference; fileEncoding = 4; lastKnownFileType = sourcecode.c.objc; path = NSRoundedImageView.m; sourceTree = "<group>"; };
		4CCB88B015D3EA6F00231E13 /* GTMBase64.h */ = {isa = PBXFileReference; fileEncoding = 4; lastKnownFileType = sourcecode.c.h; path = GTMBase64.h; sourceTree = "<group>"; };
		4CCB88B115D3EA6F00231E13 /* GTMBase64.m */ = {isa = PBXFileReference; fileEncoding = 4; lastKnownFileType = sourcecode.c.objc; path = GTMBase64.m; sourceTree = "<group>"; };
		4CCB88B215D3EA6F00231E13 /* GTMDefines.h */ = {isa = PBXFileReference; fileEncoding = 4; lastKnownFileType = sourcecode.c.h; path = GTMDefines.h; sourceTree = "<group>"; };
		4CCB88B415D3EA9D00231E13 /* WBUtil.h */ = {isa = PBXFileReference; fileEncoding = 4; lastKnownFileType = sourcecode.c.h; path = WBUtil.h; sourceTree = "<group>"; };
		4CCB88B515D3EA9D00231E13 /* WBUtil.m */ = {isa = PBXFileReference; fileEncoding = 4; lastKnownFileType = sourcecode.c.objc; path = WBUtil.m; sourceTree = "<group>"; };
		4CCB88BB15D3EDEF00231E13 /* WebKit.framework */ = {isa = PBXFileReference; lastKnownFileType = wrapper.framework; name = WebKit.framework; path = System/Library/Frameworks/WebKit.framework; sourceTree = SDKROOT; };
		4CCB88C415D5287100231E13 /* JSON.h */ = {isa = PBXFileReference; fileEncoding = 4; lastKnownFileType = sourcecode.c.h; path = JSON.h; sourceTree = "<group>"; };
		4CCB88C515D5287100231E13 /* NSObject+SBJSON.h */ = {isa = PBXFileReference; fileEncoding = 4; lastKnownFileType = sourcecode.c.h; path = "NSObject+SBJSON.h"; sourceTree = "<group>"; };
		4CCB88C615D5287100231E13 /* NSObject+SBJSON.m */ = {isa = PBXFileReference; fileEncoding = 4; lastKnownFileType = sourcecode.c.objc; path = "NSObject+SBJSON.m"; sourceTree = "<group>"; };
		4CCB88C715D5287100231E13 /* NSString+SBJSON.h */ = {isa = PBXFileReference; fileEncoding = 4; lastKnownFileType = sourcecode.c.h; path = "NSString+SBJSON.h"; sourceTree = "<group>"; };
		4CCB88C815D5287100231E13 /* NSString+SBJSON.m */ = {isa = PBXFileReference; fileEncoding = 4; lastKnownFileType = sourcecode.c.objc; path = "NSString+SBJSON.m"; sourceTree = "<group>"; };
		4CCB88C915D5287100231E13 /* SBJSON.h */ = {isa = PBXFileReference; fileEncoding = 4; lastKnownFileType = sourcecode.c.h; path = SBJSON.h; sourceTree = "<group>"; };
		4CCB88CA15D5287100231E13 /* SBJSON.m */ = {isa = PBXFileReference; fileEncoding = 4; lastKnownFileType = sourcecode.c.objc; path = SBJSON.m; sourceTree = "<group>"; };
		4CCB88CB15D5287100231E13 /* SBJsonBase.h */ = {isa = PBXFileReference; fileEncoding = 4; lastKnownFileType = sourcecode.c.h; path = SBJsonBase.h; sourceTree = "<group>"; };
		4CCB88CC15D5287100231E13 /* SBJsonBase.m */ = {isa = PBXFileReference; fileEncoding = 4; lastKnownFileType = sourcecode.c.objc; path = SBJsonBase.m; sourceTree = "<group>"; };
		4CCB88CD15D5287100231E13 /* SBJsonParser.h */ = {isa = PBXFileReference; fileEncoding = 4; lastKnownFileType = sourcecode.c.h; path = SBJsonParser.h; sourceTree = "<group>"; };
		4CCB88CE15D5287100231E13 /* SBJsonParser.m */ = {isa = PBXFileReference; fileEncoding = 4; lastKnownFileType = sourcecode.c.objc; path = SBJsonParser.m; sourceTree = "<group>"; };
		4CCB88CF15D5287100231E13 /* SBJsonWriter.h */ = {isa = PBXFileReference; fileEncoding = 4; lastKnownFileType = sourcecode.c.h; path = SBJsonWriter.h; sourceTree = "<group>"; };
		4CCB88D015D5287100231E13 /* SBJsonWriter.m */ = {isa = PBXFileReference; fileEncoding = 4; lastKnownFileType = sourcecode.c.objc; path = SBJsonWriter.m; sourceTree = "<group>"; };
		4CCB88D715D5289400231E13 /* WBAuthorize.h */ = {isa = PBXFileReference; fileEncoding = 4; lastKnownFileType = sourcecode.c.h; path = WBAuthorize.h; sourceTree = "<group>"; };
		4CCB88D815D5289400231E13 /* WBAuthorize.m */ = {isa = PBXFileReference; fileEncoding = 4; lastKnownFileType = sourcecode.c.objc; path = WBAuthorize.m; sourceTree = "<group>"; };
		4CCB88D915D5289400231E13 /* WBRequest.h */ = {isa = PBXFileReference; fileEncoding = 4; lastKnownFileType = sourcecode.c.h; path = WBRequest.h; sourceTree = "<group>"; };
		4CCB88DA15D5289400231E13 /* WBRequest.m */ = {isa = PBXFileReference; fileEncoding = 4; lastKnownFileType = sourcecode.c.objc; path = WBRequest.m; sourceTree = "<group>"; };
		4CCB88DB15D5289400231E13 /* WBSDKGlobal.h */ = {isa = PBXFileReference; fileEncoding = 4; lastKnownFileType = sourcecode.c.h; path = WBSDKGlobal.h; sourceTree = "<group>"; };
		4CF33BA015EFBC3000DBE88B /* Mention.h */ = {isa = PBXFileReference; fileEncoding = 4; lastKnownFileType = sourcecode.c.h; path = Mention.h; sourceTree = "<group>"; };
		4CF33BA115EFBC3000DBE88B /* Mention.m */ = {isa = PBXFileReference; fileEncoding = 4; lastKnownFileType = sourcecode.c.objc; path = Mention.m; sourceTree = "<group>"; };
		6517CBE615DCDE3D007BAB00 /* EQSTRClipView.h */ = {isa = PBXFileReference; fileEncoding = 4; lastKnownFileType = sourcecode.c.h; path = EQSTRClipView.h; sourceTree = "<group>"; };
		6517CBE715DCDE3D007BAB00 /* EQSTRClipView.m */ = {isa = PBXFileReference; fileEncoding = 4; lastKnownFileType = sourcecode.c.objc; path = EQSTRClipView.m; sourceTree = "<group>"; };
		6517CBE815DCDE3D007BAB00 /* EQSTRScrollView.h */ = {isa = PBXFileReference; fileEncoding = 4; lastKnownFileType = sourcecode.c.h; path = EQSTRScrollView.h; sourceTree = "<group>"; };
		6517CBE915DCDE3D007BAB00 /* EQSTRScrollView.m */ = {isa = PBXFileReference; fileEncoding = 4; lastKnownFileType = sourcecode.c.objc; path = EQSTRScrollView.m; sourceTree = "<group>"; };
		6517CBEE15DCDED2007BAB00 /* QuartzCore.framework */ = {isa = PBXFileReference; lastKnownFileType = wrapper.framework; name = QuartzCore.framework; path = System/Library/Frameworks/QuartzCore.framework; sourceTree = SDKROOT; };
		6580BB3615F4B5A70089BDA3 /* home_w.png */ = {isa = PBXFileReference; lastKnownFileType = image.png; path = home_w.png; sourceTree = "<group>"; };
		6580BB3915F4B6BA0089BDA3 /* home.png */ = {isa = PBXFileReference; lastKnownFileType = image.png; path = home.png; sourceTree = "<group>"; };
		65A425BD15DB908C00861D3B /* WBMessageTableCellView.h */ = {isa = PBXFileReference; fileEncoding = 4; lastKnownFileType = sourcecode.c.h; path = WBMessageTableCellView.h; sourceTree = "<group>"; };
		65A425BE15DB908C00861D3B /* WBMessageTableCellView.m */ = {isa = PBXFileReference; fileEncoding = 4; lastKnownFileType = sourcecode.c.objc; path = WBMessageTableCellView.m; sourceTree = "<group>"; };
		65A5304C15EF3FFD004D6FDE /* User.h */ = {isa = PBXFileReference; fileEncoding = 4; lastKnownFileType = sourcecode.c.h; path = User.h; sourceTree = "<group>"; };
		65A5304D15EF3FFD004D6FDE /* User.m */ = {isa = PBXFileReference; fileEncoding = 4; lastKnownFileType = sourcecode.c.objc; path = User.m; sourceTree = "<group>"; };
		65A5304F15EF4059004D6FDE /* Status+CoreData.m */ = {isa = PBXFileReference; fileEncoding = 4; lastKnownFileType = sourcecode.c.objc; path = "Status+CoreData.m"; sourceTree = "<group>"; };
		65A5305015EF4059004D6FDE /* Status+CoreData.h */ = {isa = PBXFileReference; fileEncoding = 4; lastKnownFileType = sourcecode.c.h; path = "Status+CoreData.h"; sourceTree = "<group>"; };
		65A5306615F064E80019F71B /* Mention+CoreData.h */ = {isa = PBXFileReference; fileEncoding = 4; lastKnownFileType = sourcecode.c.h; path = "Mention+CoreData.h"; sourceTree = "<group>"; };
		65A5306715F064E80019F71B /* Mention+CoreData.m */ = {isa = PBXFileReference; fileEncoding = 4; lastKnownFileType = sourcecode.c.objc; path = "Mention+CoreData.m"; sourceTree = "<group>"; };
		65A7D86115F898AA00322E57 /* ComposeMessageWindowController.h */ = {isa = PBXFileReference; fileEncoding = 4; lastKnownFileType = sourcecode.c.h; path = ComposeMessageWindowController.h; sourceTree = "<group>"; };
		65A7D86215F898AA00322E57 /* ComposeMessageWindowController.m */ = {isa = PBXFileReference; fileEncoding = 4; lastKnownFileType = sourcecode.c.objc; path = ComposeMessageWindowController.m; sourceTree = "<group>"; };
		65A7D86315F898AA00322E57 /* ComposeMessageWindowController.xib */ = {isa = PBXFileReference; fileEncoding = 4; lastKnownFileType = file.xib; path = ComposeMessageWindowController.xib; sourceTree = "<group>"; };
		65A816B515F4713400231A89 /* ANSegmentedCell.h */ = {isa = PBXFileReference; fileEncoding = 4; lastKnownFileType = sourcecode.c.h; path = ANSegmentedCell.h; sourceTree = "<group>"; };
		65A816B615F4713400231A89 /* ANSegmentedCell.m */ = {isa = PBXFileReference; fileEncoding = 4; lastKnownFileType = sourcecode.c.objc; path = ANSegmentedCell.m; sourceTree = "<group>"; };
		65A816B715F4713400231A89 /* ANSegmentedControl.h */ = {isa = PBXFileReference; fileEncoding = 4; lastKnownFileType = sourcecode.c.h; path = ANSegmentedControl.h; sourceTree = "<group>"; };
		65A816B815F4713400231A89 /* ANSegmentedControl.m */ = {isa = PBXFileReference; fileEncoding = 4; lastKnownFileType = sourcecode.c.objc; path = ANSegmentedControl.m; sourceTree = "<group>"; };
		65A816B915F4713400231A89 /* NSBezierPath+MCAdditions.h */ = {isa = PBXFileReference; fileEncoding = 4; lastKnownFileType = sourcecode.c.h; path = "NSBezierPath+MCAdditions.h"; sourceTree = "<group>"; };
		65A816BA15F4713400231A89 /* NSBezierPath+MCAdditions.m */ = {isa = PBXFileReference; fileEncoding = 4; lastKnownFileType = sourcecode.c.objc; path = "NSBezierPath+MCAdditions.m"; sourceTree = "<group>"; };
		65A816BB15F4713400231A89 /* NSShadow+MCAdditions.h */ = {isa = PBXFileReference; fileEncoding = 4; lastKnownFileType = sourcecode.c.h; path = "NSShadow+MCAdditions.h"; sourceTree = "<group>"; };
		65A816BC15F4713400231A89 /* NSShadow+MCAdditions.m */ = {isa = PBXFileReference; fileEncoding = 4; lastKnownFileType = sourcecode.c.objc; path = "NSShadow+MCAdditions.m"; sourceTree = "<group>"; };
		65A816C215F4714F00231A89 /* FilterNone.png */ = {isa = PBXFileReference; lastKnownFileType = image.png; path = FilterNone.png; sourceTree = "<group>"; };
		65A816C315F4714F00231A89 /* FilterStarred.png */ = {isa = PBXFileReference; lastKnownFileType = image.png; path = FilterStarred.png; sourceTree = "<group>"; };
		65A816C415F4714F00231A89 /* FilterUnread.png */ = {isa = PBXFileReference; lastKnownFileType = image.png; path = FilterUnread.png; sourceTree = "<group>"; };
		65A816C815F4768300231A89 /* new.png */ = {isa = PBXFileReference; lastKnownFileType = image.png; path = new.png; sourceTree = "<group>"; };
		65A816C915F4768300231A89 /* at.png */ = {isa = PBXFileReference; lastKnownFileType = image.png; path = at.png; sourceTree = "<group>"; };
		65A816CA15F4768300231A89 /* home3.png */ = {isa = PBXFileReference; lastKnownFileType = image.png; path = home3.png; sourceTree = "<group>"; };
		65A816CE15F4771B00231A89 /* home_b.png */ = {isa = PBXFileReference; lastKnownFileType = image.png; path = home_b.png; sourceTree = "<group>"; };
		65A816D015F477E400231A89 /* 64_home.png */ = {isa = PBXFileReference; lastKnownFileType = image.png; path = 64_home.png; sourceTree = "<group>"; };
		65A816D215F47FC000231A89 /* 64_form.png */ = {isa = PBXFileReference; lastKnownFileType = image.png; path = 64_form.png; sourceTree = "<group>"; };
		65A816D315F47FC000231A89 /* 64_email.png */ = {isa = PBXFileReference; lastKnownFileType = image.png; path = 64_email.png; sourceTree = "<group>"; };
		65A816D415F47FC000231A89 /* 64_rss.png */ = {isa = PBXFileReference; lastKnownFileType = image.png; path = 64_rss.png; sourceTree = "<group>"; };
		65A816D515F47FC000231A89 /* 64_users.png */ = {isa = PBXFileReference; lastKnownFileType = image.png; path = 64_users.png; sourceTree = "<group>"; };
		65A816D615F47FC000231A89 /* 64_comments.png */ = {isa = PBXFileReference; lastKnownFileType = image.png; path = 64_comments.png; sourceTree = "<group>"; };
		65A816DC15F4803000231A89 /* 64_text.png */ = {isa = PBXFileReference; lastKnownFileType = image.png; path = 64_text.png; sourceTree = "<group>"; };
		65A816DE15F4A31300231A89 /* home1.png */ = {isa = PBXFileReference; lastKnownFileType = image.png; path = home1.png; sourceTree = "<group>"; };
		65A816E015F4A60300231A89 /* TitleBarView.h */ = {isa = PBXFileReference; fileEncoding = 4; lastKnownFileType = sourcecode.c.h; path = TitleBarView.h; sourceTree = "<group>"; };
		65A816E115F4A60400231A89 /* TitleBarView.m */ = {isa = PBXFileReference; fileEncoding = 4; lastKnownFileType = sourcecode.c.objc; path = TitleBarView.m; sourceTree = "<group>"; };
		65C45D9315F0A68A00BB7557 /* MentionTimelineController.h */ = {isa = PBXFileReference; fileEncoding = 4; lastKnownFileType = sourcecode.c.h; path = MentionTimelineController.h; sourceTree = "<group>"; };
		65C45D9415F0A68A00BB7557 /* MentionTimelineController.m */ = {isa = PBXFileReference; fileEncoding = 4; lastKnownFileType = sourcecode.c.objc; path = MentionTimelineController.m; sourceTree = "<group>"; };
		65C45D9715F0AB8200BB7557 /* MentionTableCellView.h */ = {isa = PBXFileReference; fileEncoding = 4; lastKnownFileType = sourcecode.c.h; path = MentionTableCellView.h; sourceTree = "<group>"; };
		65C45D9815F0AB8200BB7557 /* MentionTableCellView.m */ = {isa = PBXFileReference; fileEncoding = 4; lastKnownFileType = sourcecode.c.objc; path = MentionTableCellView.m; sourceTree = "<group>"; };
/* End PBXFileReference section */

/* Begin PBXFrameworksBuildPhase section */
		4C8FAB2515D24AF7004EBBC5 /* Frameworks */ = {
			isa = PBXFrameworksBuildPhase;
			buildActionMask = 2147483647;
			files = (
				4C2CBEDD15E689ED0062B910 /* CoreData.framework in Frameworks */,
				6517CBEF15DCDED2007BAB00 /* QuartzCore.framework in Frameworks */,
				4C15276215D604C3000F9E93 /* Security.framework in Frameworks */,
				4CCB88BC15D3EDEF00231E13 /* WebKit.framework in Frameworks */,
				4C8FAB2D15D24AF7004EBBC5 /* Cocoa.framework in Frameworks */,
			);
			runOnlyForDeploymentPostprocessing = 0;
		};
		4C8FAB4515D24AF7004EBBC5 /* Frameworks */ = {
			isa = PBXFrameworksBuildPhase;
			buildActionMask = 2147483647;
			files = (
				4C8FAB4B15D24AF7004EBBC5 /* SenTestingKit.framework in Frameworks */,
				4C8FAB4C15D24AF7004EBBC5 /* Cocoa.framework in Frameworks */,
			);
			runOnlyForDeploymentPostprocessing = 0;
		};
/* End PBXFrameworksBuildPhase section */

/* Begin PBXGroup section */
		4C12CA2515FA4B950052E491 /* PXListView */ = {
			isa = PBXGroup;
			children = (
				4C12CA1515FA4B8E0052E491 /* PXListView+Private.h */,
				4C12CA1615FA4B8E0052E491 /* PXListView+UserInteraction.h */,
				4C12CA1715FA4B8E0052E491 /* PXListView+UserInteraction.m */,
				4C12CA1815FA4B8E0052E491 /* PXListViewCell.h */,
				4C12CA1915FA4B8F0052E491 /* PXListViewCell.m */,
				4C12CA1A15FA4B8F0052E491 /* PXListViewCell+Private.h */,
				4C12CA1B15FA4B8F0052E491 /* PXListViewDelegate.h */,
				4C12CA1C15FA4B8F0052E491 /* PXListViewDropHighlight.h */,
				4C12CA1D15FA4B8F0052E491 /* PXListView.m */,
				4C12CA1E15FA4B8F0052E491 /* PXListView.h */,
				4C12CA1F15FA4B8F0052E491 /* PXListDocumentView.h */,
				4C12CA2015FA4B8F0052E491 /* PXListDocumentView.m */,
				4C12CA1215FA4AC50052E491 /* StatusListCellView.h */,
				4C12CA1315FA4AC50052E491 /* StatusListCellView.m */,
			);
			name = PXListView;
			sourceTree = "<group>";
		};
		4C13ECC815DE8AE500996029 /* INAppStoreWindow */ = {
			isa = PBXGroup;
			children = (
				4C13ECC415DE8ADA00996029 /* INAppStoreWindow.h */,
				4C13ECC515DE8ADA00996029 /* INAppStoreWindow.m */,
			);
			name = INAppStoreWindow;
			sourceTree = "<group>";
		};
		4C5182ED15ED04530075ECE5 /* Models */ = {
			isa = PBXGroup;
			children = (
				4C147A3215F7A59C00C87523 /* Status.h */,
				4C147A3315F7A59C00C87523 /* Status.m */,
				4CF33BA015EFBC3000DBE88B /* Mention.h */,
				4CF33BA115EFBC3000DBE88B /* Mention.m */,
				65A5304C15EF3FFD004D6FDE /* User.h */,
				65A5304D15EF3FFD004D6FDE /* User.m */,
				65A5305015EF4059004D6FDE /* Status+CoreData.h */,
				65A5304F15EF4059004D6FDE /* Status+CoreData.m */,
				4C5182FC15ED226A0075ECE5 /* User+CoreData.h */,
				4C5182FD15ED226A0075ECE5 /* User+CoreData.m */,
				4C17296815EE745100E4B805 /* User+ProfileImage.h */,
				4C17296915EE745100E4B805 /* User+ProfileImage.m */,
				65A5306615F064E80019F71B /* Mention+CoreData.h */,
				65A5306715F064E80019F71B /* Mention+CoreData.m */,
				4C1BF99B15F634CD0066590E /* AttributedStringCodeHelper.h */,
				4C1BF99C15F634CD0066590E /* AttributedStringCodeHelper.m */,
				4C1BF99F15F635A70066590E /* FontUtility.h */,
				4C1BF9A015F635A70066590E /* FontUtility.m */,
				4C1BF9A215F636930066590E /* NSAttributedStringToNSDataValueTransformer.h */,
				4C1BF9A315F636930066590E /* NSAttributedStringToNSDataValueTransformer.m */,
			);
			name = Models;
			sourceTree = "<group>";
		};
		4C5F9AB615DBF63000B804F1 /* Resources */ = {
			isa = PBXGroup;
			children = (
				6580BB3915F4B6BA0089BDA3 /* home.png */,
				6580BB3615F4B5A70089BDA3 /* home_w.png */,
				65A816DE15F4A31300231A89 /* home1.png */,
				65A816DC15F4803000231A89 /* 64_text.png */,
				65A816D215F47FC000231A89 /* 64_form.png */,
				65A816D315F47FC000231A89 /* 64_email.png */,
				65A816D415F47FC000231A89 /* 64_rss.png */,
				65A816D515F47FC000231A89 /* 64_users.png */,
				65A816D615F47FC000231A89 /* 64_comments.png */,
				65A816D015F477E400231A89 /* 64_home.png */,
				65A816CE15F4771B00231A89 /* home_b.png */,
				65A816C815F4768300231A89 /* new.png */,
				65A816C915F4768300231A89 /* at.png */,
				65A816CA15F4768300231A89 /* home3.png */,
				65A816C215F4714F00231A89 /* FilterNone.png */,
				65A816C315F4714F00231A89 /* FilterStarred.png */,
				65A816C415F4714F00231A89 /* FilterUnread.png */,
				4C15276B15D67A1F000F9E93 /* MainWindowController.xib */,
				4C8FABBF15D25005004EBBC5 /* OAuthWindow.xib */,
				4C8FABC415D2520F004EBBC5 /* MainMenu.xib */,
				4C12CA0F15FA4A240052E491 /* StatusListCellView.xib */,
				4C5F9AB715DBF66A00B804F1 /* macos */,
			);
			name = Resources;
			path = weibo;
			sourceTree = "<group>";
		};
		4C5F9AB715DBF66A00B804F1 /* macos */ = {
			isa = PBXGroup;
			children = (
				4C5F9ABA15DBF93000B804F1 /* drink_twitter.icns */,
			);
			name = macos;
			sourceTree = "<group>";
		};
		4C6E977915F26B2E007F6575 /* Views */ = {
			isa = PBXGroup;
			children = (
				4C12CA2515FA4B950052E491 /* PXListView */,
				65A816B415F4713400231A89 /* ANSegmentedControl */,
				4C13ECC815DE8AE500996029 /* INAppStoreWindow */,
				6517CBED15DCDE42007BAB00 /* ScrollToRefreshView */,
				65C45D9715F0AB8200BB7557 /* MentionTableCellView.h */,
				65C45D9815F0AB8200BB7557 /* MentionTableCellView.m */,
				65A425BD15DB908C00861D3B /* WBMessageTableCellView.h */,
				65A425BE15DB908C00861D3B /* WBMessageTableCellView.m */,
				4CBB148415E11EF400E7F9C8 /* NSRoundedImageView.h */,
				4CBB148515E11EF400E7F9C8 /* NSRoundedImageView.m */,
				4C5315E415E3D33B0004238A /* WBMessageScrollView.h */,
				4C5315E515E3D33B0004238A /* WBMessageScrollView.m */,
				4C5315E815E3E3620004238A /* WBMessageTextView.h */,
				4C5315E915E3E3620004238A /* WBMessageTextView.m */,
				4CB9277215F3880800DE4678 /* TimelineCellView.h */,
				4CB9277315F3880800DE4678 /* TimelineCellView.m */,
				65A816E015F4A60300231A89 /* TitleBarView.h */,
				65A816E115F4A60400231A89 /* TitleBarView.m */,
			);
			name = Views;
			sourceTree = "<group>";
		};
		4C6E977B15F26B4A007F6575 /* Controllers */ = {
			isa = PBXGroup;
			children = (
				4C8FABC115D25067004EBBC5 /* OAuthWindowController.h */,
				4C8FABC215D25068004EBBC5 /* OAuthWindowController.m */,
				4C15276915D67A1F000F9E93 /* MainWindowController.h */,
				4C15276A15D67A1F000F9E93 /* MainWindowController.m */,
				4C408A3815F179FF007CF089 /* HomeTimelineController.h */,
				4C408A3915F179FF007CF089 /* HomeTimelineController.m */,
				4C147A2615F78CED00C87523 /* NS(Attributed)String+Geometrics.h */,
				4C147A2715F78CED00C87523 /* NS(Attributed)String+Geometrics.m */,
				65C45D9315F0A68A00BB7557 /* MentionTimelineController.h */,
				65C45D9415F0A68A00BB7557 /* MentionTimelineController.m */,
				4C1AB28815F1F287008AE9C7 /* TimelineController.h */,
				4C1AB28915F1F287008AE9C7 /* TimelineController.m */,
				65A7D86115F898AA00322E57 /* ComposeMessageWindowController.h */,
				65A7D86215F898AA00322E57 /* ComposeMessageWindowController.m */,
				65A7D86315F898AA00322E57 /* ComposeMessageWindowController.xib */,
			);
			name = Controllers;
			sourceTree = "<group>";
		};
		4C8FAB1D15D24AF7004EBBC5 = {
			isa = PBXGroup;
			children = (
				6517CBEE15DCDED2007BAB00 /* QuartzCore.framework */,
				4C15276115D604C3000F9E93 /* Security.framework */,
				4CCB88BB15D3EDEF00231E13 /* WebKit.framework */,
				4C5F9AB615DBF63000B804F1 /* Resources */,
				4C8FAB3215D24AF7004EBBC5 /* weibo */,
				4C8FAB4F15D24AF7004EBBC5 /* weiboTests */,
				4C8FAB2B15D24AF7004EBBC5 /* Frameworks */,
				4C8FAB2915D24AF7004EBBC5 /* Products */,
			);
			sourceTree = "<group>";
		};
		4C8FAB2915D24AF7004EBBC5 /* Products */ = {
			isa = PBXGroup;
			children = (
				4C8FAB2815D24AF7004EBBC5 /* iwei4mac.app */,
				4C8FAB4915D24AF7004EBBC5 /* weiboTests.octest */,
			);
			name = Products;
			sourceTree = "<group>";
		};
		4C8FAB2B15D24AF7004EBBC5 /* Frameworks */ = {
			isa = PBXGroup;
			children = (
				4C8FAB2C15D24AF7004EBBC5 /* Cocoa.framework */,
				4C8FAB4A15D24AF7004EBBC5 /* SenTestingKit.framework */,
				4C8FAB2E15D24AF7004EBBC5 /* Other Frameworks */,
			);
			name = Frameworks;
			sourceTree = "<group>";
		};
		4C8FAB2E15D24AF7004EBBC5 /* Other Frameworks */ = {
			isa = PBXGroup;
			children = (
				4C8FAB2F15D24AF7004EBBC5 /* AppKit.framework */,
				4C8FAB3015D24AF7004EBBC5 /* CoreData.framework */,
				4C8FAB3115D24AF7004EBBC5 /* Foundation.framework */,
			);
			name = "Other Frameworks";
			sourceTree = "<group>";
		};
		4C8FAB3215D24AF7004EBBC5 /* weibo */ = {
			isa = PBXGroup;
			children = (
				4C6878FB15E0B28F000F0482 /* ImageDownloader.h */,
				4C6878FC15E0B28F000F0482 /* ImageDownloader.m */,
				4C15277815D69601000F9E93 /* SSKeychain.h */,
				4C15277915D69601000F9E93 /* SSKeychain.m */,
				4CCB88AE15D3EA4300231E13 /* weiboSDK */,
				4C8FAB3E15D24AF7004EBBC5 /* AppDelegate.h */,
				4C8FAB3F15D24AF7004EBBC5 /* AppDelegate.m */,
				4C8FAB3315D24AF7004EBBC5 /* Supporting Files */,
				4C6E977B15F26B4A007F6575 /* Controllers */,
				4C6E977915F26B2E007F6575 /* Views */,
				4C1782F715E883660034EBFF /* WeiboMessages.xcdatamodeld */,
				4C5182ED15ED04530075ECE5 /* Models */,
				4CA2CC6015EBCFCC00415031 /* WBManagedObjectContext.h */,
				4CA2CC6115EBCFCC00415031 /* WBManagedObjectContext.m */,
			);
			path = weibo;
			sourceTree = "<group>";
		};
		4C8FAB3315D24AF7004EBBC5 /* Supporting Files */ = {
			isa = PBXGroup;
			children = (
				4C8FAB3415D24AF7004EBBC5 /* weibo-Info.plist */,
				4C8FAB3515D24AF7004EBBC5 /* InfoPlist.strings */,
				4C8FAB3815D24AF7004EBBC5 /* main.m */,
				4C8FAB3A15D24AF7004EBBC5 /* weibo-Prefix.pch */,
				4C8FAB3B15D24AF7004EBBC5 /* Credits.rtf */,
			);
			name = "Supporting Files";
			sourceTree = "<group>";
		};
		4C8FAB4F15D24AF7004EBBC5 /* weiboTests */ = {
			isa = PBXGroup;
			children = (
				4C8FAB5515D24AF7004EBBC5 /* weiboTests.h */,
				4C8FAB5615D24AF7004EBBC5 /* weiboTests.m */,
				4C8FAB5015D24AF7004EBBC5 /* Supporting Files */,
			);
			path = weiboTests;
			sourceTree = "<group>";
		};
		4C8FAB5015D24AF7004EBBC5 /* Supporting Files */ = {
			isa = PBXGroup;
			children = (
				4C8FAB5115D24AF7004EBBC5 /* weiboTests-Info.plist */,
				4C8FAB5215D24AF7004EBBC5 /* InfoPlist.strings */,
			);
			name = "Supporting Files";
			sourceTree = "<group>";
		};
		4CCB88AE15D3EA4300231E13 /* weiboSDK */ = {
			isa = PBXGroup;
			children = (
				4C15276615D619CD000F9E93 /* WBEngine.h */,
				4C15276715D619CD000F9E93 /* WBEngine.m */,
				4CCB88D715D5289400231E13 /* WBAuthorize.h */,
				4CCB88D815D5289400231E13 /* WBAuthorize.m */,
				4CCB88D915D5289400231E13 /* WBRequest.h */,
				4CCB88DA15D5289400231E13 /* WBRequest.m */,
				4C6CB7CA15DF67A2009557AB /* WBUser.h */,
				4C6CB7CB15DF67A2009557AB /* WBUser.m */,
				4C6878FF15E0B864000F0482 /* WBUser+ProfileImage.h */,
				4C68790015E0B864000F0482 /* WBUser+ProfileImage.m */,
				4CCB88DB15D5289400231E13 /* WBSDKGlobal.h */,
				4CCB88C315D5287100231E13 /* SBJSON */,
				4CCB88B415D3EA9D00231E13 /* WBUtil.h */,
				4CCB88B515D3EA9D00231E13 /* WBUtil.m */,
				4CCB88B015D3EA6F00231E13 /* GTMBase64.h */,
				4CCB88B115D3EA6F00231E13 /* GTMBase64.m */,
				4CCB88B215D3EA6F00231E13 /* GTMDefines.h */,
				4C5182F615ED0C510075ECE5 /* WBFormatter.h */,
				4C5182F715ED0C510075ECE5 /* WBFormatter.m */,
			);
			name = weiboSDK;
			sourceTree = "<group>";
		};
		4CCB88C315D5287100231E13 /* SBJSON */ = {
			isa = PBXGroup;
			children = (
				4CCB88C415D5287100231E13 /* JSON.h */,
				4CCB88C515D5287100231E13 /* NSObject+SBJSON.h */,
				4CCB88C615D5287100231E13 /* NSObject+SBJSON.m */,
				4CCB88C715D5287100231E13 /* NSString+SBJSON.h */,
				4CCB88C815D5287100231E13 /* NSString+SBJSON.m */,
				4CCB88C915D5287100231E13 /* SBJSON.h */,
				4CCB88CA15D5287100231E13 /* SBJSON.m */,
				4CCB88CB15D5287100231E13 /* SBJsonBase.h */,
				4CCB88CC15D5287100231E13 /* SBJsonBase.m */,
				4CCB88CD15D5287100231E13 /* SBJsonParser.h */,
				4CCB88CE15D5287100231E13 /* SBJsonParser.m */,
				4CCB88CF15D5287100231E13 /* SBJsonWriter.h */,
				4CCB88D015D5287100231E13 /* SBJsonWriter.m */,
			);
			path = SBJSON;
			sourceTree = "<group>";
		};
		6517CBED15DCDE42007BAB00 /* ScrollToRefreshView */ = {
			isa = PBXGroup;
			children = (
				6517CBE615DCDE3D007BAB00 /* EQSTRClipView.h */,
				6517CBE715DCDE3D007BAB00 /* EQSTRClipView.m */,
				6517CBE815DCDE3D007BAB00 /* EQSTRScrollView.h */,
				6517CBE915DCDE3D007BAB00 /* EQSTRScrollView.m */,
			);
			name = ScrollToRefreshView;
			sourceTree = "<group>";
		};
		65A816B415F4713400231A89 /* ANSegmentedControl */ = {
			isa = PBXGroup;
			children = (
				65A816B515F4713400231A89 /* ANSegmentedCell.h */,
				65A816B615F4713400231A89 /* ANSegmentedCell.m */,
				65A816B715F4713400231A89 /* ANSegmentedControl.h */,
				65A816B815F4713400231A89 /* ANSegmentedControl.m */,
				65A816B915F4713400231A89 /* NSBezierPath+MCAdditions.h */,
				65A816BA15F4713400231A89 /* NSBezierPath+MCAdditions.m */,
				65A816BB15F4713400231A89 /* NSShadow+MCAdditions.h */,
				65A816BC15F4713400231A89 /* NSShadow+MCAdditions.m */,
			);
			path = ANSegmentedControl;
			sourceTree = "<group>";
		};
/* End PBXGroup section */

/* Begin PBXNativeTarget section */
		4C8FAB2715D24AF7004EBBC5 /* weibo */ = {
			isa = PBXNativeTarget;
			buildConfigurationList = 4C8FAB5A15D24AF7004EBBC5 /* Build configuration list for PBXNativeTarget "weibo" */;
			buildPhases = (
				4C8FAB2415D24AF7004EBBC5 /* Sources */,
				4C8FAB2515D24AF7004EBBC5 /* Frameworks */,
				4C8FAB2615D24AF7004EBBC5 /* Resources */,
			);
			buildRules = (
			);
			dependencies = (
			);
			name = weibo;
			productName = weibo;
			productReference = 4C8FAB2815D24AF7004EBBC5 /* iwei4mac.app */;
			productType = "com.apple.product-type.application";
		};
		4C8FAB4815D24AF7004EBBC5 /* weiboTests */ = {
			isa = PBXNativeTarget;
			buildConfigurationList = 4C8FAB5D15D24AF7004EBBC5 /* Build configuration list for PBXNativeTarget "weiboTests" */;
			buildPhases = (
				4C8FAB4415D24AF7004EBBC5 /* Sources */,
				4C8FAB4515D24AF7004EBBC5 /* Frameworks */,
				4C8FAB4615D24AF7004EBBC5 /* Resources */,
				4C8FAB4715D24AF7004EBBC5 /* ShellScript */,
			);
			buildRules = (
			);
			dependencies = (
				4C8FAB4E15D24AF7004EBBC5 /* PBXTargetDependency */,
			);
			name = weiboTests;
			productName = weiboTests;
			productReference = 4C8FAB4915D24AF7004EBBC5 /* weiboTests.octest */;
			productType = "com.apple.product-type.bundle";
		};
/* End PBXNativeTarget section */

/* Begin PBXProject section */
		4C8FAB1F15D24AF7004EBBC5 /* Project object */ = {
			isa = PBXProject;
			attributes = {
				LastUpgradeCheck = 0440;
				ORGANIZATIONNAME = "feng qijun";
			};
			buildConfigurationList = 4C8FAB2215D24AF7004EBBC5 /* Build configuration list for PBXProject "weibo" */;
			compatibilityVersion = "Xcode 3.2";
			developmentRegion = English;
			hasScannedForEncodings = 0;
			knownRegions = (
				en,
				"zh-Hans",
				"zh-Hant",
			);
			mainGroup = 4C8FAB1D15D24AF7004EBBC5;
			productRefGroup = 4C8FAB2915D24AF7004EBBC5 /* Products */;
			projectDirPath = "";
			projectRoot = "";
			targets = (
				4C8FAB2715D24AF7004EBBC5 /* weibo */,
				4C8FAB4815D24AF7004EBBC5 /* weiboTests */,
			);
		};
/* End PBXProject section */

/* Begin PBXResourcesBuildPhase section */
		4C8FAB2615D24AF7004EBBC5 /* Resources */ = {
			isa = PBXResourcesBuildPhase;
			buildActionMask = 2147483647;
			files = (
				4C8FAB3715D24AF7004EBBC5 /* InfoPlist.strings in Resources */,
				4C8FAB3D15D24AF7004EBBC5 /* Credits.rtf in Resources */,
				4C8FABC015D25005004EBBC5 /* OAuthWindow.xib in Resources */,
				4C8FABC515D2520F004EBBC5 /* MainMenu.xib in Resources */,
				4C15276D15D67A1F000F9E93 /* MainWindowController.xib in Resources */,
				4C5F9ABB15DBF93000B804F1 /* drink_twitter.icns in Resources */,
				65A816C515F4714F00231A89 /* FilterNone.png in Resources */,
				65A816C615F4714F00231A89 /* FilterStarred.png in Resources */,
				65A816C715F4714F00231A89 /* FilterUnread.png in Resources */,
				65A816CB15F4768300231A89 /* new.png in Resources */,
				65A816CC15F4768300231A89 /* at.png in Resources */,
				65A816CD15F4768300231A89 /* home3.png in Resources */,
				65A816CF15F4771B00231A89 /* home_b.png in Resources */,
				65A816D115F477E400231A89 /* 64_home.png in Resources */,
				65A816D715F47FC000231A89 /* 64_form.png in Resources */,
				65A816D815F47FC000231A89 /* 64_email.png in Resources */,
				65A816D915F47FC000231A89 /* 64_rss.png in Resources */,
				65A816DA15F47FC000231A89 /* 64_users.png in Resources */,
				65A816DB15F47FC000231A89 /* 64_comments.png in Resources */,
				65A816DD15F4803000231A89 /* 64_text.png in Resources */,
				65A816DF15F4A31300231A89 /* home1.png in Resources */,
				6580BB3715F4B5A70089BDA3 /* home_w.png in Resources */,
				6580BB3A15F4B6BA0089BDA3 /* home.png in Resources */,
				65A7D86515F898AA00322E57 /* ComposeMessageWindowController.xib in Resources */,
				4C12CA1015FA4A240052E491 /* StatusListCellView.xib in Resources */,
			);
			runOnlyForDeploymentPostprocessing = 0;
		};
		4C8FAB4615D24AF7004EBBC5 /* Resources */ = {
			isa = PBXResourcesBuildPhase;
			buildActionMask = 2147483647;
			files = (
				4C8FAB5415D24AF7004EBBC5 /* InfoPlist.strings in Resources */,
			);
			runOnlyForDeploymentPostprocessing = 0;
		};
/* End PBXResourcesBuildPhase section */

/* Begin PBXShellScriptBuildPhase section */
		4C8FAB4715D24AF7004EBBC5 /* ShellScript */ = {
			isa = PBXShellScriptBuildPhase;
			buildActionMask = 2147483647;
			files = (
			);
			inputPaths = (
			);
			outputPaths = (
			);
			runOnlyForDeploymentPostprocessing = 0;
			shellPath = /bin/sh;
			shellScript = "# Run the unit tests in this test bundle.\n\"${SYSTEM_DEVELOPER_DIR}/Tools/RunUnitTests\"\n";
		};
/* End PBXShellScriptBuildPhase section */

/* Begin PBXSourcesBuildPhase section */
		4C8FAB2415D24AF7004EBBC5 /* Sources */ = {
			isa = PBXSourcesBuildPhase;
			buildActionMask = 2147483647;
			files = (
				4C8FAB3915D24AF7004EBBC5 /* main.m in Sources */,
				4C8FAB4015D24AF7004EBBC5 /* AppDelegate.m in Sources */,
				4C8FABC315D25068004EBBC5 /* OAuthWindowController.m in Sources */,
				4CCB88B315D3EA6F00231E13 /* GTMBase64.m in Sources */,
				4CCB88B615D3EA9D00231E13 /* WBUtil.m in Sources */,
				4CCB88D115D5287100231E13 /* NSObject+SBJSON.m in Sources */,
				4CCB88D215D5287100231E13 /* NSString+SBJSON.m in Sources */,
				4CCB88D315D5287100231E13 /* SBJSON.m in Sources */,
				4CCB88D415D5287100231E13 /* SBJsonBase.m in Sources */,
				4CCB88D515D5287100231E13 /* SBJsonParser.m in Sources */,
				4CCB88D615D5287100231E13 /* SBJsonWriter.m in Sources */,
				4CCB88DC15D5289500231E13 /* WBAuthorize.m in Sources */,
				4CCB88DD15D5289500231E13 /* WBRequest.m in Sources */,
				4C15276815D619CD000F9E93 /* WBEngine.m in Sources */,
				4C15276C15D67A1F000F9E93 /* MainWindowController.m in Sources */,
				4C15277A15D69601000F9E93 /* SSKeychain.m in Sources */,
				65A425BF15DB908C00861D3B /* WBMessageTableCellView.m in Sources */,
				6517CBEA15DCDE3D007BAB00 /* EQSTRClipView.m in Sources */,
				6517CBEB15DCDE3D007BAB00 /* EQSTRScrollView.m in Sources */,
				4C13ECC615DE8ADA00996029 /* INAppStoreWindow.m in Sources */,
				4C6CB7CC15DF67A2009557AB /* WBUser.m in Sources */,
				4C6878FD15E0B28F000F0482 /* ImageDownloader.m in Sources */,
				4C68790115E0B864000F0482 /* WBUser+ProfileImage.m in Sources */,
				4CBB148615E11EF400E7F9C8 /* NSRoundedImageView.m in Sources */,
				4C5315E615E3D33B0004238A /* WBMessageScrollView.m in Sources */,
				4C5315EA15E3E3620004238A /* WBMessageTextView.m in Sources */,
				4C1782F915E883660034EBFF /* WeiboMessages.xcdatamodeld in Sources */,
				4CA2CC6215EBCFCC00415031 /* WBManagedObjectContext.m in Sources */,
				4C5182F815ED0C510075ECE5 /* WBFormatter.m in Sources */,
				4C5182FE15ED226A0075ECE5 /* User+CoreData.m in Sources */,
				4C17296A15EE745100E4B805 /* User+ProfileImage.m in Sources */,
				65A5304E15EF3FFD004D6FDE /* User.m in Sources */,
				65A5305115EF4059004D6FDE /* Status+CoreData.m in Sources */,
				4CF33BA215EFBC3100DBE88B /* Mention.m in Sources */,
				65A5306815F064E80019F71B /* Mention+CoreData.m in Sources */,
				65C45D9515F0A68A00BB7557 /* MentionTimelineController.m in Sources */,
				65C45D9915F0AB8200BB7557 /* MentionTableCellView.m in Sources */,
				4C408A3A15F179FF007CF089 /* HomeTimelineController.m in Sources */,
				4C1AB28A15F1F287008AE9C7 /* TimelineController.m in Sources */,
				4CB9277415F3880800DE4678 /* TimelineCellView.m in Sources */,
				65A816BD15F4713400231A89 /* ANSegmentedCell.m in Sources */,
				65A816BE15F4713400231A89 /* ANSegmentedControl.m in Sources */,
				65A816BF15F4713400231A89 /* NSBezierPath+MCAdditions.m in Sources */,
				65A816C015F4713400231A89 /* NSShadow+MCAdditions.m in Sources */,
				65A816E215F4A60400231A89 /* TitleBarView.m in Sources */,
				4C1BF99D15F634CD0066590E /* AttributedStringCodeHelper.m in Sources */,
				4C1BF9A115F635A70066590E /* FontUtility.m in Sources */,
				4C1BF9A415F636930066590E /* NSAttributedStringToNSDataValueTransformer.m in Sources */,
				4C147A2815F78CED00C87523 /* NS(Attributed)String+Geometrics.m in Sources */,
				4C147A3415F7A59C00C87523 /* Status.m in Sources */,
				65A7D86415F898AA00322E57 /* ComposeMessageWindowController.m in Sources */,
				4C12CA1415FA4AC60052E491 /* StatusListCellView.m in Sources */,
				4C12CA2115FA4B8F0052E491 /* PXListView+UserInteraction.m in Sources */,
				4C12CA2215FA4B8F0052E491 /* PXListViewCell.m in Sources */,
				4C12CA2315FA4B8F0052E491 /* PXListView.m in Sources */,
				4C12CA2415FA4B8F0052E491 /* PXListDocumentView.m in Sources */,
			);
			runOnlyForDeploymentPostprocessing = 0;
		};
		4C8FAB4415D24AF7004EBBC5 /* Sources */ = {
			isa = PBXSourcesBuildPhase;
			buildActionMask = 2147483647;
			files = (
				4C8FAB5715D24AF7004EBBC5 /* weiboTests.m in Sources */,
			);
			runOnlyForDeploymentPostprocessing = 0;
		};
/* End PBXSourcesBuildPhase section */

/* Begin PBXTargetDependency section */
		4C8FAB4E15D24AF7004EBBC5 /* PBXTargetDependency */ = {
			isa = PBXTargetDependency;
			target = 4C8FAB2715D24AF7004EBBC5 /* weibo */;
			targetProxy = 4C8FAB4D15D24AF7004EBBC5 /* PBXContainerItemProxy */;
		};
/* End PBXTargetDependency section */

/* Begin PBXVariantGroup section */
		4C8FAB3515D24AF7004EBBC5 /* InfoPlist.strings */ = {
			isa = PBXVariantGroup;
			children = (
				4C8FAB3615D24AF7004EBBC5 /* en */,
			);
			name = InfoPlist.strings;
			sourceTree = "<group>";
		};
		4C8FAB3B15D24AF7004EBBC5 /* Credits.rtf */ = {
			isa = PBXVariantGroup;
			children = (
				4C8FAB3C15D24AF7004EBBC5 /* en */,
			);
			name = Credits.rtf;
			sourceTree = "<group>";
		};
		4C8FAB5215D24AF7004EBBC5 /* InfoPlist.strings */ = {
			isa = PBXVariantGroup;
			children = (
				4C8FAB5315D24AF7004EBBC5 /* en */,
			);
			name = InfoPlist.strings;
			sourceTree = "<group>";
		};
/* End PBXVariantGroup section */

/* Begin XCBuildConfiguration section */
		4C8FAB5815D24AF7004EBBC5 /* Debug */ = {
			isa = XCBuildConfiguration;
			buildSettings = {
				ALWAYS_SEARCH_USER_PATHS = NO;
				ARCHS = "$(ARCHS_STANDARD_64_BIT)";
				CLANG_CXX_LANGUAGE_STANDARD = "gnu++0x";
				CLANG_ENABLE_OBJC_ARC = YES;
				CLANG_WARN__DUPLICATE_METHOD_MATCH = YES;
				COPY_PHASE_STRIP = NO;
				GCC_C_LANGUAGE_STANDARD = gnu99;
				GCC_DYNAMIC_NO_PIC = NO;
				GCC_ENABLE_OBJC_EXCEPTIONS = YES;
				GCC_OPTIMIZATION_LEVEL = 0;
				GCC_PREPROCESSOR_DEFINITIONS = (
					"DEBUG=1",
					"$(inherited)",
				);
				GCC_SYMBOLS_PRIVATE_EXTERN = NO;
				GCC_WARN_64_TO_32_BIT_CONVERSION = YES;
				GCC_WARN_ABOUT_RETURN_TYPE = YES;
				GCC_WARN_UNINITIALIZED_AUTOS = YES;
				GCC_WARN_UNUSED_VARIABLE = YES;
				MACOSX_DEPLOYMENT_TARGET = 10.8;
				ONLY_ACTIVE_ARCH = YES;
				SDKROOT = macosx;
			};
			name = Debug;
		};
		4C8FAB5915D24AF7004EBBC5 /* Release */ = {
			isa = XCBuildConfiguration;
			buildSettings = {
				ALWAYS_SEARCH_USER_PATHS = NO;
				ARCHS = "$(ARCHS_STANDARD_64_BIT)";
				CLANG_CXX_LANGUAGE_STANDARD = "gnu++0x";
				CLANG_ENABLE_OBJC_ARC = YES;
				CLANG_WARN__DUPLICATE_METHOD_MATCH = YES;
				COPY_PHASE_STRIP = YES;
				DEBUG_INFORMATION_FORMAT = "dwarf-with-dsym";
				GCC_C_LANGUAGE_STANDARD = gnu99;
				GCC_ENABLE_OBJC_EXCEPTIONS = YES;
				GCC_WARN_64_TO_32_BIT_CONVERSION = YES;
				GCC_WARN_ABOUT_RETURN_TYPE = YES;
				GCC_WARN_UNINITIALIZED_AUTOS = YES;
				GCC_WARN_UNUSED_VARIABLE = YES;
				MACOSX_DEPLOYMENT_TARGET = 10.8;
				SDKROOT = macosx;
			};
			name = Release;
		};
		4C8FAB5B15D24AF7004EBBC5 /* Debug */ = {
			isa = XCBuildConfiguration;
			buildSettings = {
				COMBINE_HIDPI_IMAGES = YES;
				GCC_PRECOMPILE_PREFIX_HEADER = YES;
				GCC_PREFIX_HEADER = "weibo/weibo-Prefix.pch";
				INFOPLIST_FILE = "weibo/weibo-Info.plist";
				PRODUCT_NAME = iwei4mac;
				WRAPPER_EXTENSION = app;
			};
			name = Debug;
		};
		4C8FAB5C15D24AF7004EBBC5 /* Release */ = {
			isa = XCBuildConfiguration;
			buildSettings = {
				COMBINE_HIDPI_IMAGES = YES;
				GCC_PRECOMPILE_PREFIX_HEADER = YES;
				GCC_PREFIX_HEADER = "weibo/weibo-Prefix.pch";
				INFOPLIST_FILE = "weibo/weibo-Info.plist";
				PRODUCT_NAME = iwei4mac;
				WRAPPER_EXTENSION = app;
			};
			name = Release;
		};
		4C8FAB5E15D24AF7004EBBC5 /* Debug */ = {
			isa = XCBuildConfiguration;
			buildSettings = {
				BUNDLE_LOADER = "$(BUILT_PRODUCTS_DIR)/weibo.app/Contents/MacOS/weibo";
				COMBINE_HIDPI_IMAGES = YES;
				FRAMEWORK_SEARCH_PATHS = "\"$(DEVELOPER_LIBRARY_DIR)/Frameworks\"";
				GCC_PRECOMPILE_PREFIX_HEADER = YES;
				GCC_PREFIX_HEADER = "weibo/weibo-Prefix.pch";
				INFOPLIST_FILE = "weiboTests/weiboTests-Info.plist";
				PRODUCT_NAME = "$(TARGET_NAME)";
				TEST_HOST = "$(BUNDLE_LOADER)";
				WRAPPER_EXTENSION = octest;
			};
			name = Debug;
		};
		4C8FAB5F15D24AF7004EBBC5 /* Release */ = {
			isa = XCBuildConfiguration;
			buildSettings = {
				BUNDLE_LOADER = "$(BUILT_PRODUCTS_DIR)/weibo.app/Contents/MacOS/weibo";
				COMBINE_HIDPI_IMAGES = YES;
				FRAMEWORK_SEARCH_PATHS = "\"$(DEVELOPER_LIBRARY_DIR)/Frameworks\"";
				GCC_PRECOMPILE_PREFIX_HEADER = YES;
				GCC_PREFIX_HEADER = "weibo/weibo-Prefix.pch";
				INFOPLIST_FILE = "weiboTests/weiboTests-Info.plist";
				PRODUCT_NAME = "$(TARGET_NAME)";
				TEST_HOST = "$(BUNDLE_LOADER)";
				WRAPPER_EXTENSION = octest;
			};
			name = Release;
		};
/* End XCBuildConfiguration section */

/* Begin XCConfigurationList section */
		4C8FAB2215D24AF7004EBBC5 /* Build configuration list for PBXProject "weibo" */ = {
			isa = XCConfigurationList;
			buildConfigurations = (
				4C8FAB5815D24AF7004EBBC5 /* Debug */,
				4C8FAB5915D24AF7004EBBC5 /* Release */,
			);
			defaultConfigurationIsVisible = 0;
			defaultConfigurationName = Release;
		};
		4C8FAB5A15D24AF7004EBBC5 /* Build configuration list for PBXNativeTarget "weibo" */ = {
			isa = XCConfigurationList;
			buildConfigurations = (
				4C8FAB5B15D24AF7004EBBC5 /* Debug */,
				4C8FAB5C15D24AF7004EBBC5 /* Release */,
			);
			defaultConfigurationIsVisible = 0;
			defaultConfigurationName = Release;
		};
		4C8FAB5D15D24AF7004EBBC5 /* Build configuration list for PBXNativeTarget "weiboTests" */ = {
			isa = XCConfigurationList;
			buildConfigurations = (
				4C8FAB5E15D24AF7004EBBC5 /* Debug */,
				4C8FAB5F15D24AF7004EBBC5 /* Release */,
			);
			defaultConfigurationIsVisible = 0;
			defaultConfigurationName = Release;
		};
/* End XCConfigurationList section */

/* Begin XCVersionGroup section */
		4C1782F715E883660034EBFF /* WeiboMessages.xcdatamodeld */ = {
			isa = XCVersionGroup;
			children = (
				4C1782F815E883660034EBFF /* WeiboMessages.xcdatamodel */,
			);
			currentVersion = 4C1782F815E883660034EBFF /* WeiboMessages.xcdatamodel */;
			path = WeiboMessages.xcdatamodeld;
			sourceTree = "<group>";
			versionGroupType = wrapper.xcdatamodel;
		};
/* End XCVersionGroup section */
	};
	rootObject = 4C8FAB1F15D24AF7004EBBC5 /* Project object */;
}
